
Microsoft Visual Studio Solution File, Format Version 12.00
# Visual Studio 15
VisualStudioVersion = 15.0.28306.52
MinimumVisualStudioVersion = 10.0.40219.1
Project("{9A19103F-16F7-4668-BE54-9A1E7A4F7556}") = "ScrabbleBlazor.Server", "ScrabbleBlazor.Server\ScrabbleBlazor.Server.csproj", "{D2313208-9742-4970-ACA9-172CF340499C}"
EndProject
Project("{9A19103F-16F7-4668-BE54-9A1E7A4F7556}") = "ScrabbleBlazor.Client", "ScrabbleBlazor.Client\ScrabbleBlazor.Client.csproj", "{B93488CF-DAAE-4C52-A9D5-41BA0D5BA46D}"
EndProject
Project("{9A19103F-16F7-4668-BE54-9A1E7A4F7556}") = "ScrabbleBlazor.Shared", "ScrabbleBlazor.Shared\ScrabbleBlazor.Shared.csproj", "{002D7879-A3F1-469D-9F5F-2FE5DD40C465}"
EndProject
Global
	GlobalSection(SolutionConfigurationPlatforms) = preSolution
		Debug|Any CPU = Debug|Any CPU
		Release|Any CPU = Release|Any CPU
	EndGlobalSection
	GlobalSection(ProjectConfigurationPlatforms) = postSolution
		{D2313208-9742-4970-ACA9-172CF340499C}.Debug|Any CPU.ActiveCfg = Debug|Any CPU
		{D2313208-9742-4970-ACA9-172CF340499C}.Debug|Any CPU.Build.0 = Debug|Any CPU
		{D2313208-9742-4970-ACA9-172CF340499C}.Release|Any CPU.ActiveCfg = Release|Any CPU
		{D2313208-9742-4970-ACA9-172CF340499C}.Release|Any CPU.Build.0 = Release|Any CPU
		{B93488CF-DAAE-4C52-A9D5-41BA0D5BA46D}.Debug|Any CPU.ActiveCfg = Debug|Any CPU
		{B93488CF-DAAE-4C52-A9D5-41BA0D5BA46D}.Debug|Any CPU.Build.0 = Debug|Any CPU
		{B93488CF-DAAE-4C52-A9D5-41BA0D5BA46D}.Release|Any CPU.ActiveCfg = Release|Any CPU
		{B93488CF-DAAE-4C52-A9D5-41BA0D5BA46D}.Release|Any CPU.Build.0 = Release|Any CPU
		{002D7879-A3F1-469D-9F5F-2FE5DD40C465}.Debug|Any CPU.ActiveCfg = Debug|Any CPU
		{002D7879-A3F1-469D-9F5F-2FE5DD40C465}.Debug|Any CPU.Build.0 = Debug|Any CPU
		{002D7879-A3F1-469D-9F5F-2FE5DD40C465}.Release|Any CPU.ActiveCfg = Release|Any CPU
		{002D7879-A3F1-469D-9F5F-2FE5DD40C465}.Release|Any CPU.Build.0 = Release|Any CPU
	EndGlobalSection
	GlobalSection(SolutionProperties) = preSolution
		HideSolutionNode = FALSE
	EndGlobalSection
	GlobalSection(ExtensibilityGlobals) = postSolution
		SolutionGuid = {D82EE361-DDB4-48F6-8B68-4A567AE7D01F}
	EndGlobalSection
EndGlobal
